
Microsoft Visual Studio Solution File, Format Version 12.00
# Visual Studio Version 17
VisualStudioVersion = 17.13.35806.99 d17.13
MinimumVisualStudioVersion = 10.0.40219.1
Project("{FAE04EC0-301F-11D3-BF4B-00C04F79EFBC}") = "Game-Task7", "Game-Task7\Game-Task7.csproj", "{461F6DD9-22F4-483F-B02B-66297FD30A22}"
EndProject
Project("{FAE04EC0-301F-11D3-BF4B-00C04F79EFBC}") = "GameTest", "GameTest\GameTest.csproj", "{70811AA9-7589-4D46-ADB5-32CB7A6BBCFA}"
EndProject
Global
	GlobalSection(SolutionConfigurationPlatforms) = preSolution
		Debug|Any CPU = Debug|Any CPU
		Release|Any CPU = Release|Any CPU
	EndGlobalSection
	GlobalSection(ProjectConfigurationPlatforms) = postSolution
		{461F6DD9-22F4-483F-B02B-66297FD30A22}.Debug|Any CPU.ActiveCfg = Debug|Any CPU
		{461F6DD9-22F4-483F-B02B-66297FD30A22}.Debug|Any CPU.Build.0 = Debug|Any CPU
		{461F6DD9-22F4-483F-B02B-66297FD30A22}.Release|Any CPU.ActiveCfg = Release|Any CPU
		{461F6DD9-22F4-483F-B02B-66297FD30A22}.Release|Any CPU.Build.0 = Release|Any CPU
		{70811AA9-7589-4D46-ADB5-32CB7A6BBCFA}.Debug|Any CPU.ActiveCfg = Debug|Any CPU
		{70811AA9-7589-4D46-ADB5-32CB7A6BBCFA}.Debug|Any CPU.Build.0 = Debug|Any CPU
		{70811AA9-7589-4D46-ADB5-32CB7A6BBCFA}.Release|Any CPU.ActiveCfg = Release|Any CPU
		{70811AA9-7589-4D46-ADB5-32CB7A6BBCFA}.Release|Any CPU.Build.0 = Release|Any CPU
	EndGlobalSection
	GlobalSection(SolutionProperties) = preSolution
		HideSolutionNode = FALSE
	EndGlobalSection
	GlobalSection(ExtensibilityGlobals) = postSolution
		SolutionGuid = {F98ADA7A-C4AF-4AFB-889E-773F289F8346}
	EndGlobalSection
EndGlobal
